
Microsoft Visual Studio Solution File, Format Version 12.00
# Visual Studio Version 16
VisualStudioVersion = 16.0.29613.14
MinimumVisualStudioVersion = 10.0.40219.1
Project("{9A19103F-16F7-4668-BE54-9A1E7A4F7556}") = "ExamenNet.WebApi", "ExamenNet.WebApi\ExamenNet.WebApi.csproj", "{C8D36518-EC1A-46D4-BF2E-8ECC369650D4}"
EndProject
Project("{FAE04EC0-301F-11D3-BF4B-00C04F79EFBC}") = "ExamenNet.DTO", "ExamenNet.DTO\ExamenNet.DTO.csproj", "{668FF59A-A186-4BB6-866F-0052E36E8C5F}"
EndProject
Global
	GlobalSection(SolutionConfigurationPlatforms) = preSolution
		Debug|Any CPU = Debug|Any CPU
		Release|Any CPU = Release|Any CPU
	EndGlobalSection
	GlobalSection(ProjectConfigurationPlatforms) = postSolution
		{C8D36518-EC1A-46D4-BF2E-8ECC369650D4}.Debug|Any CPU.ActiveCfg = Debug|Any CPU
		{C8D36518-EC1A-46D4-BF2E-8ECC369650D4}.Debug|Any CPU.Build.0 = Debug|Any CPU
		{C8D36518-EC1A-46D4-BF2E-8ECC369650D4}.Release|Any CPU.ActiveCfg = Release|Any CPU
		{C8D36518-EC1A-46D4-BF2E-8ECC369650D4}.Release|Any CPU.Build.0 = Release|Any CPU
		{668FF59A-A186-4BB6-866F-0052E36E8C5F}.Debug|Any CPU.ActiveCfg = Debug|Any CPU
		{668FF59A-A186-4BB6-866F-0052E36E8C5F}.Debug|Any CPU.Build.0 = Debug|Any CPU
		{668FF59A-A186-4BB6-866F-0052E36E8C5F}.Release|Any CPU.ActiveCfg = Release|Any CPU
		{668FF59A-A186-4BB6-866F-0052E36E8C5F}.Release|Any CPU.Build.0 = Release|Any CPU
	EndGlobalSection
	GlobalSection(SolutionProperties) = preSolution
		HideSolutionNode = FALSE
	EndGlobalSection
	GlobalSection(ExtensibilityGlobals) = postSolution
		SolutionGuid = {B435FC1E-58A4-44EF-AD4C-EC031DB4E92C}
	EndGlobalSection
EndGlobal
